
Microsoft Visual Studio Solution File, Format Version 12.00
# Visual Studio 15
VisualStudioVersion = 15.0.26403.7
MinimumVisualStudioVersion = 10.0.40219.1
Project("{FAE04EC0-301F-11D3-BF4B-00C04F79EFBC}") = "TestHarness1", "TestHarness1\TestHarness1.csproj", "{024DA7A6-3C85-4DA3-9C07-6F4E4470F9B5}"
EndProject
Project("{FAE04EC0-301F-11D3-BF4B-00C04F79EFBC}") = "Gravitybox.gFileSystem.Engine", "Gravitybox.gFileSystem.Engine\Gravitybox.gFileSystem.Engine.csproj", "{B67C448B-9AE4-44EA-A7DD-F750A452228C}"
EndProject
Project("{FAE04EC0-301F-11D3-BF4B-00C04F79EFBC}") = "Gravitybox.gFileSystem.Service.Common", "Gravitybox.gFileSystem.Service.Common\Gravitybox.gFileSystem.Service.Common.csproj", "{A1FC2BB9-BB98-44E5-8B6A-F286EF60A1AD}"
EndProject
Global
	GlobalSection(SolutionConfigurationPlatforms) = preSolution
		Debug|Any CPU = Debug|Any CPU
		Release|Any CPU = Release|Any CPU
	EndGlobalSection
	GlobalSection(ProjectConfigurationPlatforms) = postSolution
		{024DA7A6-3C85-4DA3-9C07-6F4E4470F9B5}.Debug|Any CPU.ActiveCfg = Debug|Any CPU
		{024DA7A6-3C85-4DA3-9C07-6F4E4470F9B5}.Debug|Any CPU.Build.0 = Debug|Any CPU
		{024DA7A6-3C85-4DA3-9C07-6F4E4470F9B5}.Release|Any CPU.ActiveCfg = Release|Any CPU
		{024DA7A6-3C85-4DA3-9C07-6F4E4470F9B5}.Release|Any CPU.Build.0 = Release|Any CPU
		{B67C448B-9AE4-44EA-A7DD-F750A452228C}.Debug|Any CPU.ActiveCfg = Debug|Any CPU
		{B67C448B-9AE4-44EA-A7DD-F750A452228C}.Debug|Any CPU.Build.0 = Debug|Any CPU
		{B67C448B-9AE4-44EA-A7DD-F750A452228C}.Release|Any CPU.ActiveCfg = Release|Any CPU
		{B67C448B-9AE4-44EA-A7DD-F750A452228C}.Release|Any CPU.Build.0 = Release|Any CPU
		{A1FC2BB9-BB98-44E5-8B6A-F286EF60A1AD}.Debug|Any CPU.ActiveCfg = Debug|Any CPU
		{A1FC2BB9-BB98-44E5-8B6A-F286EF60A1AD}.Debug|Any CPU.Build.0 = Debug|Any CPU
		{A1FC2BB9-BB98-44E5-8B6A-F286EF60A1AD}.Release|Any CPU.ActiveCfg = Release|Any CPU
		{A1FC2BB9-BB98-44E5-8B6A-F286EF60A1AD}.Release|Any CPU.Build.0 = Release|Any CPU
	EndGlobalSection
	GlobalSection(SolutionProperties) = preSolution
		HideSolutionNode = FALSE
	EndGlobalSection
EndGlobal
